
Microsoft Visual Studio Solution File, Format Version 12.00
# Visual Studio 15
VisualStudioVersion = 15.0.27130.2024
MinimumVisualStudioVersion = 10.0.40219.1
Project("{FAE04EC0-301F-11D3-BF4B-00C04F79EFBC}") = "Cake.AzureStorage", "Cake.AzureStorage\Cake.AzureStorage.csproj", "{EB302A25-BA11-47FE-9A8E-93487D25E280}"
EndProject
Project("{FAE04EC0-301F-11D3-BF4B-00C04F79EFBC}") = "Cake.AzureStorage.Tests", "Cake.AzureStorage.Tests\Cake.AzureStorage.Tests.csproj", "{F49FB33D-417D-4E7A-8FA7-7FA9A110222C}"
EndProject
Global
	GlobalSection(SolutionConfigurationPlatforms) = preSolution
		Debug|Any CPU = Debug|Any CPU
		Debug|x64 = Debug|x64
		Release|Any CPU = Release|Any CPU
		Release|x64 = Release|x64
	EndGlobalSection
	GlobalSection(ProjectConfigurationPlatforms) = postSolution
		{EB302A25-BA11-47FE-9A8E-93487D25E280}.Debug|Any CPU.ActiveCfg = Debug|Any CPU
		{EB302A25-BA11-47FE-9A8E-93487D25E280}.Debug|Any CPU.Build.0 = Debug|Any CPU
		{EB302A25-BA11-47FE-9A8E-93487D25E280}.Debug|x64.ActiveCfg = Debug|Any CPU
		{EB302A25-BA11-47FE-9A8E-93487D25E280}.Debug|x64.Build.0 = Debug|Any CPU
		{EB302A25-BA11-47FE-9A8E-93487D25E280}.Release|Any CPU.ActiveCfg = Release|Any CPU
		{EB302A25-BA11-47FE-9A8E-93487D25E280}.Release|Any CPU.Build.0 = Release|Any CPU
		{EB302A25-BA11-47FE-9A8E-93487D25E280}.Release|x64.ActiveCfg = Release|Any CPU
		{EB302A25-BA11-47FE-9A8E-93487D25E280}.Release|x64.Build.0 = Release|Any CPU
		{F49FB33D-417D-4E7A-8FA7-7FA9A110222C}.Debug|Any CPU.ActiveCfg = Debug|Any CPU
		{F49FB33D-417D-4E7A-8FA7-7FA9A110222C}.Debug|Any CPU.Build.0 = Debug|Any CPU
		{F49FB33D-417D-4E7A-8FA7-7FA9A110222C}.Debug|x64.ActiveCfg = Debug|Any CPU
		{F49FB33D-417D-4E7A-8FA7-7FA9A110222C}.Debug|x64.Build.0 = Debug|Any CPU
		{F49FB33D-417D-4E7A-8FA7-7FA9A110222C}.Release|Any CPU.ActiveCfg = Release|Any CPU
		{F49FB33D-417D-4E7A-8FA7-7FA9A110222C}.Release|Any CPU.Build.0 = Release|Any CPU
		{F49FB33D-417D-4E7A-8FA7-7FA9A110222C}.Release|x64.ActiveCfg = Release|Any CPU
		{F49FB33D-417D-4E7A-8FA7-7FA9A110222C}.Release|x64.Build.0 = Release|Any CPU
	EndGlobalSection
	GlobalSection(SolutionProperties) = preSolution
		HideSolutionNode = FALSE
	EndGlobalSection
	GlobalSection(ExtensibilityGlobals) = postSolution
		SolutionGuid = {19C47ED1-F85E-4A6D-81F9-46DABB078836}
	EndGlobalSection
EndGlobal
